
Microsoft Visual Studio Solution File, Format Version 12.00
# Visual Studio Version 17
VisualStudioVersion = 17.8.34330.188
MinimumVisualStudioVersion = 10.0.40219.1
Project("{8BC9CEB8-8B4A-11D0-8D11-00A0C91BC942}") = "Array", "Array\Array.vcxproj", "{1AD2410C-3333-48D5-8205-FA5C52D2294F}"
EndProject
Global
	GlobalSection(SolutionConfigurationPlatforms) = preSolution
		Debug|x64 = Debug|x64
		Debug|x86 = Debug|x86
		Release|x64 = Release|x64
		Release|x86 = Release|x86
	EndGlobalSection
	GlobalSection(ProjectConfigurationPlatforms) = postSolution
		{1AD2410C-3333-48D5-8205-FA5C52D2294F}.Debug|x64.ActiveCfg = Debug|x64
		{1AD2410C-3333-48D5-8205-FA5C52D2294F}.Debug|x64.Build.0 = Debug|x64
		{1AD2410C-3333-48D5-8205-FA5C52D2294F}.Debug|x86.ActiveCfg = Debug|Win32
		{1AD2410C-3333-48D5-8205-FA5C52D2294F}.Debug|x86.Build.0 = Debug|Win32
		{1AD2410C-3333-48D5-8205-FA5C52D2294F}.Release|x64.ActiveCfg = Release|x64
		{1AD2410C-3333-48D5-8205-FA5C52D2294F}.Release|x64.Build.0 = Release|x64
		{1AD2410C-3333-48D5-8205-FA5C52D2294F}.Release|x86.ActiveCfg = Release|Win32
		{1AD2410C-3333-48D5-8205-FA5C52D2294F}.Release|x86.Build.0 = Release|Win32
	EndGlobalSection
	GlobalSection(SolutionProperties) = preSolution
		HideSolutionNode = FALSE
	EndGlobalSection
	GlobalSection(ExtensibilityGlobals) = postSolution
		SolutionGuid = {D0782888-DD73-481A-84A7-F4180C6E2C89}
	EndGlobalSection
EndGlobal
