
Microsoft Visual Studio Solution File, Format Version 12.00
# Visual Studio Version 17
VisualStudioVersion = 17.8.34330.188
MinimumVisualStudioVersion = 10.0.40219.1
Project("{8BC9CEB8-8B4A-11D0-8D11-00A0C91BC942}") = "Map", "Map\Map.vcxproj", "{665A0B3E-635B-4EDE-BBA6-F37BDE768FDD}"
EndProject
Global
	GlobalSection(SolutionConfigurationPlatforms) = preSolution
		Debug|x64 = Debug|x64
		Debug|x86 = Debug|x86
		Release|x64 = Release|x64
		Release|x86 = Release|x86
	EndGlobalSection
	GlobalSection(ProjectConfigurationPlatforms) = postSolution
		{665A0B3E-635B-4EDE-BBA6-F37BDE768FDD}.Debug|x64.ActiveCfg = Debug|x64
		{665A0B3E-635B-4EDE-BBA6-F37BDE768FDD}.Debug|x64.Build.0 = Debug|x64
		{665A0B3E-635B-4EDE-BBA6-F37BDE768FDD}.Debug|x86.ActiveCfg = Debug|Win32
		{665A0B3E-635B-4EDE-BBA6-F37BDE768FDD}.Debug|x86.Build.0 = Debug|Win32
		{665A0B3E-635B-4EDE-BBA6-F37BDE768FDD}.Release|x64.ActiveCfg = Release|x64
		{665A0B3E-635B-4EDE-BBA6-F37BDE768FDD}.Release|x64.Build.0 = Release|x64
		{665A0B3E-635B-4EDE-BBA6-F37BDE768FDD}.Release|x86.ActiveCfg = Release|Win32
		{665A0B3E-635B-4EDE-BBA6-F37BDE768FDD}.Release|x86.Build.0 = Release|Win32
	EndGlobalSection
	GlobalSection(SolutionProperties) = preSolution
		HideSolutionNode = FALSE
	EndGlobalSection
	GlobalSection(ExtensibilityGlobals) = postSolution
		SolutionGuid = {A8761EC6-D77C-4400-8CD2-AFD1574E4622}
	EndGlobalSection
EndGlobal
